{
  "nodes": {
    "nixpkgs": {
      "locked": {
        "lastModified": 1781607440,
        "narHash": "sha256-rxO+uc/KFbSJp+pgyXRuAX6QlG9hJdnt0BXpEQRXY+U=",
        "owner": "NixOS",
        "repo": "nixpkgs",
        "rev": "3e41b24abd260e8f71dbe2f5737d24122f972158",
        "type": "github"
      },
      "original": {
        "owner": "NixOS",
        "ref": "nixpkgs-unstable",
        "repo": "nixpkgs",
        "type": "github"
      }
    },
    "odin-sqlite3": {
      "flake": false,
      "locked": {
        "lastModified": 1772328003,
        "narHash": "sha256-ZpjPhXgV5dulIGFXldaogAvK+6Q9LHoSuEh0BN693lo=",
        "owner": "saenai255",
        "repo": "odin-sqlite3",
        "rev": "0666d2d4af9efe32a7a7c26184536e8c3be79b3b",
        "type": "github"
      },
      "original": {
        "owner": "saenai255",
        "repo": "odin-sqlite3",
        "type": "github"
      }
    },
    "root": {
      "inputs": {
        "nixpkgs": "nixpkgs",
        "odin-sqlite3": "odin-sqlite3"
      }
    }
  },
  "root": "root",
  "version": 7
}
